
Microsoft Visual Studio Solution File, Format Version 12.00
# Visual Studio Version 16
VisualStudioVersion = 16.0.30204.135
MinimumVisualStudioVersion = 10.0.40219.1
Project("{FAE04EC0-301F-11D3-BF4B-00C04F79EFBC}") = "WindowsFormsClipboardWatcher", "src\WindowsFormsClipboardWatcher\WindowsFormsClipboardWatcher.csproj", "{027DC3AF-ABCF-4CC8-B0DC-8B08CACD194D}"
EndProject
Global
	GlobalSection(SolutionConfigurationPlatforms) = preSolution
		Debug|Any CPU = Debug|Any CPU
		Release|Any CPU = Release|Any CPU
	EndGlobalSection
	GlobalSection(ProjectConfigurationPlatforms) = postSolution
		{027DC3AF-ABCF-4CC8-B0DC-8B08CACD194D}.Debug|Any CPU.ActiveCfg = Debug|Any CPU
		{027DC3AF-ABCF-4CC8-B0DC-8B08CACD194D}.Debug|Any CPU.Build.0 = Debug|Any CPU
		{027DC3AF-ABCF-4CC8-B0DC-8B08CACD194D}.Release|Any CPU.ActiveCfg = Release|Any CPU
		{027DC3AF-ABCF-4CC8-B0DC-8B08CACD194D}.Release|Any CPU.Build.0 = Release|Any CPU
	EndGlobalSection
	GlobalSection(SolutionProperties) = preSolution
		HideSolutionNode = FALSE
	EndGlobalSection
	GlobalSection(ExtensibilityGlobals) = postSolution
		SolutionGuid = {1CF74E75-8696-4C00-A9EB-E36B3ECC3910}
	EndGlobalSection
EndGlobal
